
Microsoft Visual Studio Solution File, Format Version 12.00
# Visual Studio Version 16
VisualStudioVersion = 16.0.32802.440
MinimumVisualStudioVersion = 10.0.40219.1
Project("{9A19103F-16F7-4668-BE54-9A1E7A4F7556}") = "IniFileVisual", "IniFileVisual\IniFileVisual.csproj", "{AAAE4C8E-52CC-493D-8BC1-ACAE5FF20C98}"
EndProject
Project("{9A19103F-16F7-4668-BE54-9A1E7A4F7556}") = "ICSharpCode.AvalonEdit", "icsharpcode-AvalonEdit-78656fc\ICSharpCode.AvalonEdit\ICSharpCode.AvalonEdit.csproj", "{172B3FB2-7B16-4FF5-A283-525A8D2948BF}"
EndProject
Global
	GlobalSection(SolutionConfigurationPlatforms) = preSolution
		Debug|Any CPU = Debug|Any CPU
		Release|Any CPU = Release|Any CPU
	EndGlobalSection
	GlobalSection(ProjectConfigurationPlatforms) = postSolution
		{AAAE4C8E-52CC-493D-8BC1-ACAE5FF20C98}.Debug|Any CPU.ActiveCfg = Debug|Any CPU
		{AAAE4C8E-52CC-493D-8BC1-ACAE5FF20C98}.Debug|Any CPU.Build.0 = Debug|Any CPU
		{AAAE4C8E-52CC-493D-8BC1-ACAE5FF20C98}.Release|Any CPU.ActiveCfg = Debug|Any CPU
		{AAAE4C8E-52CC-493D-8BC1-ACAE5FF20C98}.Release|Any CPU.Build.0 = Debug|Any CPU
		{172B3FB2-7B16-4FF5-A283-525A8D2948BF}.Debug|Any CPU.ActiveCfg = Debug|Any CPU
		{172B3FB2-7B16-4FF5-A283-525A8D2948BF}.Debug|Any CPU.Build.0 = Debug|Any CPU
		{172B3FB2-7B16-4FF5-A283-525A8D2948BF}.Release|Any CPU.ActiveCfg = Debug|Any CPU
		{172B3FB2-7B16-4FF5-A283-525A8D2948BF}.Release|Any CPU.Build.0 = Debug|Any CPU
	EndGlobalSection
	GlobalSection(SolutionProperties) = preSolution
		HideSolutionNode = FALSE
	EndGlobalSection
	GlobalSection(ExtensibilityGlobals) = postSolution
		SolutionGuid = {53B585C0-C475-4ABD-ABF2-2FE98FB41BD9}
	EndGlobalSection
EndGlobal
